
Microsoft Visual Studio Solution File, Format Version 12.00
# Visual Studio Version 17
VisualStudioVersion = 17.1.32210.238
MinimumVisualStudioVersion = 10.0.40219.1
Project("{FAE04EC0-301F-11D3-BF4B-00C04F79EFBC}") = "SugangSincheong", "SugangSincheong\SugangSincheong.csproj", "{4D33B01D-C6C1-46C6-83BF-A023BA817368}"
EndProject
Global
	GlobalSection(SolutionConfigurationPlatforms) = preSolution
		Debug|Any CPU = Debug|Any CPU
		Release|Any CPU = Release|Any CPU
	EndGlobalSection
	GlobalSection(ProjectConfigurationPlatforms) = postSolution
		{4D33B01D-C6C1-46C6-83BF-A023BA817368}.Debug|Any CPU.ActiveCfg = Debug|Any CPU
		{4D33B01D-C6C1-46C6-83BF-A023BA817368}.Debug|Any CPU.Build.0 = Debug|Any CPU
		{4D33B01D-C6C1-46C6-83BF-A023BA817368}.Release|Any CPU.ActiveCfg = Release|Any CPU
		{4D33B01D-C6C1-46C6-83BF-A023BA817368}.Release|Any CPU.Build.0 = Release|Any CPU
	EndGlobalSection
	GlobalSection(SolutionProperties) = preSolution
		HideSolutionNode = FALSE
	EndGlobalSection
	GlobalSection(ExtensibilityGlobals) = postSolution
		SolutionGuid = {2718E8AA-CC87-4470-9147-5991C141F6CE}
	EndGlobalSection
EndGlobal
